
Microsoft Visual Studio Solution File, Format Version 12.00
# Visual Studio Version 17
VisualStudioVersion = 17.11.35327.3
MinimumVisualStudioVersion = 10.0.40219.1
Project("{FAE04EC0-301F-11D3-BF4B-00C04F79EFBC}") = "WeatherDashboard", "WeatherDashboard.csproj", "{0C5AE36D-983E-4450-861C-3C40F5E49F7C}"
EndProject
Global
	GlobalSection(SolutionConfigurationPlatforms) = preSolution
		Debug|Any CPU = Debug|Any CPU
		Release|Any CPU = Release|Any CPU
	EndGlobalSection
	GlobalSection(ProjectConfigurationPlatforms) = postSolution
		{0C5AE36D-983E-4450-861C-3C40F5E49F7C}.Debug|Any CPU.ActiveCfg = Debug|Any CPU
		{0C5AE36D-983E-4450-861C-3C40F5E49F7C}.Debug|Any CPU.Build.0 = Debug|Any CPU
		{0C5AE36D-983E-4450-861C-3C40F5E49F7C}.Release|Any CPU.ActiveCfg = Release|Any CPU
		{0C5AE36D-983E-4450-861C-3C40F5E49F7C}.Release|Any CPU.Build.0 = Release|Any CPU
	EndGlobalSection
	GlobalSection(SolutionProperties) = preSolution
		HideSolutionNode = FALSE
	EndGlobalSection
	GlobalSection(ExtensibilityGlobals) = postSolution
		SolutionGuid = {0404F7B0-F957-4C02-9137-E6BE483FA1FE}
	EndGlobalSection
EndGlobal
